
Microsoft Visual Studio Solution File, Format Version 12.00
# Visual Studio Version 17
VisualStudioVersion = 17.11.35303.130
MinimumVisualStudioVersion = 10.0.40219.1
Project("{FAE04EC0-301F-11D3-BF4B-00C04F79EFBC}") = "POO_U2_P8", "POO_U2_P8\POO_U2_P8.csproj", "{9046DFB6-58FD-460F-A278-D628517EEF79}"
EndProject
Global
	GlobalSection(SolutionConfigurationPlatforms) = preSolution
		Debug|Any CPU = Debug|Any CPU
		Release|Any CPU = Release|Any CPU
	EndGlobalSection
	GlobalSection(ProjectConfigurationPlatforms) = postSolution
		{9046DFB6-58FD-460F-A278-D628517EEF79}.Debug|Any CPU.ActiveCfg = Debug|Any CPU
		{9046DFB6-58FD-460F-A278-D628517EEF79}.Debug|Any CPU.Build.0 = Debug|Any CPU
		{9046DFB6-58FD-460F-A278-D628517EEF79}.Release|Any CPU.ActiveCfg = Release|Any CPU
		{9046DFB6-58FD-460F-A278-D628517EEF79}.Release|Any CPU.Build.0 = Release|Any CPU
	EndGlobalSection
	GlobalSection(SolutionProperties) = preSolution
		HideSolutionNode = FALSE
	EndGlobalSection
	GlobalSection(ExtensibilityGlobals) = postSolution
		SolutionGuid = {9985CED6-0175-4FCB-B4B6-15C0B113717C}
	EndGlobalSection
EndGlobal
